
Microsoft Visual Studio Solution File, Format Version 12.00
# Visual Studio Version 17
VisualStudioVersion = 17.8.34322.80
MinimumVisualStudioVersion = 10.0.40219.1
Project("{FAE04EC0-301F-11D3-BF4B-00C04F79EFBC}") = "Shutdown Prompt", "Shutdown Prompt\Shutdown Prompt.csproj", "{A1FFFD45-07A8-41C2-86E4-88A22CE4BDA0}"
EndProject
Global
	GlobalSection(SolutionConfigurationPlatforms) = preSolution
		Debug|Any CPU = Debug|Any CPU
		Release|Any CPU = Release|Any CPU
	EndGlobalSection
	GlobalSection(ProjectConfigurationPlatforms) = postSolution
		{A1FFFD45-07A8-41C2-86E4-88A22CE4BDA0}.Debug|Any CPU.ActiveCfg = Debug|Any CPU
		{A1FFFD45-07A8-41C2-86E4-88A22CE4BDA0}.Debug|Any CPU.Build.0 = Debug|Any CPU
		{A1FFFD45-07A8-41C2-86E4-88A22CE4BDA0}.Release|Any CPU.ActiveCfg = Release|Any CPU
		{A1FFFD45-07A8-41C2-86E4-88A22CE4BDA0}.Release|Any CPU.Build.0 = Release|Any CPU
	EndGlobalSection
	GlobalSection(SolutionProperties) = preSolution
		HideSolutionNode = FALSE
	EndGlobalSection
	GlobalSection(ExtensibilityGlobals) = postSolution
		SolutionGuid = {20C9F4FF-E646-4B5B-8385-47DEBCE3E4BC}
	EndGlobalSection
EndGlobal
